
Microsoft Visual Studio Solution File, Format Version 12.00
# Visual Studio Version 17
VisualStudioVersion = 17.5.002.0
MinimumVisualStudioVersion = 10.0.40219.1
Project("{9A19103F-16F7-4668-BE54-9A1E7A4F7556}") = "Aula03.RazorPages", "Aula03.RazorPages.csproj", "{3A6D810E-1553-405E-8EE9-797B292A319B}"
EndProject
Global
	GlobalSection(SolutionConfigurationPlatforms) = preSolution
		Debug|Any CPU = Debug|Any CPU
		Release|Any CPU = Release|Any CPU
	EndGlobalSection
	GlobalSection(ProjectConfigurationPlatforms) = postSolution
		{3A6D810E-1553-405E-8EE9-797B292A319B}.Debug|Any CPU.ActiveCfg = Debug|Any CPU
		{3A6D810E-1553-405E-8EE9-797B292A319B}.Debug|Any CPU.Build.0 = Debug|Any CPU
		{3A6D810E-1553-405E-8EE9-797B292A319B}.Release|Any CPU.ActiveCfg = Release|Any CPU
		{3A6D810E-1553-405E-8EE9-797B292A319B}.Release|Any CPU.Build.0 = Release|Any CPU
	EndGlobalSection
	GlobalSection(SolutionProperties) = preSolution
		HideSolutionNode = FALSE
	EndGlobalSection
	GlobalSection(ExtensibilityGlobals) = postSolution
		SolutionGuid = {DA46151C-8BF7-4BE2-9531-FF5A4B1651D3}
	EndGlobalSection
EndGlobal
